
Microsoft Visual Studio Solution File, Format Version 11.00
# Visual C# Express 2010
Project("{FAE04EC0-301F-11D3-BF4B-00C04F79EFBC}") = "CritterBrowser", "CritterBrowser\CritterBrowser.csproj", "{D02F1F44-3771-4716-875E-90A4FA9C7C49}"
EndProject
Global
	GlobalSection(SolutionConfigurationPlatforms) = preSolution
		Debug|x86 = Debug|x86
		Release|x86 = Release|x86
	EndGlobalSection
	GlobalSection(ProjectConfigurationPlatforms) = postSolution
		{D02F1F44-3771-4716-875E-90A4FA9C7C49}.Debug|x86.ActiveCfg = Debug|x86
		{D02F1F44-3771-4716-875E-90A4FA9C7C49}.Debug|x86.Build.0 = Debug|x86
		{D02F1F44-3771-4716-875E-90A4FA9C7C49}.Release|x86.ActiveCfg = Release|x86
		{D02F1F44-3771-4716-875E-90A4FA9C7C49}.Release|x86.Build.0 = Release|x86
	EndGlobalSection
	GlobalSection(SolutionProperties) = preSolution
		HideSolutionNode = FALSE
	EndGlobalSection
EndGlobal
